
Microsoft Visual Studio Solution File, Format Version 12.00
# Visual Studio 2013
VisualStudioVersion = 12.0.40629.0
MinimumVisualStudioVersion = 10.0.40219.1
Project("{FAE04EC0-301F-11D3-BF4B-00C04F79EFBC}") = "StatsToday_Service", "Batch_win_Service\StatsToday_Service.csproj", "{DDAFBCA4-B703-4CD8-9F18-5E010F995DB9}"
EndProject
Global
	GlobalSection(SolutionConfigurationPlatforms) = preSolution
		Debug|Any CPU = Debug|Any CPU
		Release|Any CPU = Release|Any CPU
	EndGlobalSection
	GlobalSection(ProjectConfigurationPlatforms) = postSolution
		{DDAFBCA4-B703-4CD8-9F18-5E010F995DB9}.Debug|Any CPU.ActiveCfg = Debug|Any CPU
		{DDAFBCA4-B703-4CD8-9F18-5E010F995DB9}.Debug|Any CPU.Build.0 = Debug|Any CPU
		{DDAFBCA4-B703-4CD8-9F18-5E010F995DB9}.Release|Any CPU.ActiveCfg = Release|Any CPU
		{DDAFBCA4-B703-4CD8-9F18-5E010F995DB9}.Release|Any CPU.Build.0 = Release|Any CPU
	EndGlobalSection
	GlobalSection(SolutionProperties) = preSolution
		HideSolutionNode = FALSE
	EndGlobalSection
EndGlobal
